// !$*UTF8*$!
{
	archiveVersion = 1;
	classes = {
	};
	objectVersion = 60;
	objects = {

/* Begin PBXBuildFile section */
		A00000000000000000000001 /* App/PohangAirARApp.swift in Sources */ = {isa = PBXBuildFile; fileRef = F00000000000000000000001 /* App/PohangAirARApp.swift */; };
		A00000000000000000000002 /* Models/AirQualitySnapshot.swift in Sources */ = {isa = PBXBuildFile; fileRef = F00000000000000000000002 /* Models/AirQualitySnapshot.swift */; };
		A00000000000000000000003 /* Models/AirQualityAPIResponse.swift in Sources */ = {isa = PBXBuildFile; fileRef = F00000000000000000000003 /* Models/AirQualityAPIResponse.swift */; };
		A00000000000000000000004 /* Services/AirQualityServiceProtocol.swift in Sources */ = {isa = PBXBuildFile; fileRef = F00000000000000000000004 /* Services/AirQualityServiceProtocol.swift */; };
		A00000000000000000000005 /* Services/OpenMeteoAirQualityService.swift in Sources */ = {isa = PBXBuildFile; fileRef = F00000000000000000000005 /* Services/OpenMeteoAirQualityService.swift */; };
		A00000000000000000000006 /* ViewModels/AirQualityViewModel.swift in Sources */ = {isa = PBXBuildFile; fileRef = F00000000000000000000006 /* ViewModels/AirQualityViewModel.swift */; };
		A00000000000000000000007 /* AR/ARSessionState.swift in Sources */ = {isa = PBXBuildFile; fileRef = F00000000000000000000007 /* AR/ARSessionState.swift */; };
		A00000000000000000000008 /* AR/AirQualityVisualizationMapper.swift in Sources */ = {isa = PBXBuildFile; fileRef = F00000000000000000000008 /* AR/AirQualityVisualizationMapper.swift */; };
		A00000000000000000000009 /* AR/simd_float4x4+Translation.swift in Sources */ = {isa = PBXBuildFile; fileRef = F00000000000000000000009 /* AR/simd_float4x4+Translation.swift */; };
		A0000000000000000000000A /* AR/AirQualityEntityFactory.swift in Sources */ = {isa = PBXBuildFile; fileRef = F0000000000000000000000A /* AR/AirQualityEntityFactory.swift */; };
		A0000000000000000000000B /* AR/AirQualityARView.swift in Sources */ = {isa = PBXBuildFile; fileRef = F0000000000000000000000B /* AR/AirQualityARView.swift */; };
		A0000000000000000000000C /* Views/MetricView.swift in Sources */ = {isa = PBXBuildFile; fileRef = F0000000000000000000000C /* Views/MetricView.swift */; };
		A0000000000000000000000D /* Views/AirQualityStatusPanel.swift in Sources */ = {isa = PBXBuildFile; fileRef = F0000000000000000000000D /* Views/AirQualityStatusPanel.swift */; };
		A0000000000000000000000E /* Views/ARControlPanel.swift in Sources */ = {isa = PBXBuildFile; fileRef = F0000000000000000000000E /* Views/ARControlPanel.swift */; };
		A0000000000000000000000F /* Views/ContentView.swift in Sources */ = {isa = PBXBuildFile; fileRef = F0000000000000000000000F /* Views/ContentView.swift */; };
		A00000000000000000000010 /* Resources/Assets.xcassets in Resources */ = {isa = PBXBuildFile; fileRef = F00000000000000000000010 /* Resources/Assets.xcassets */; };
		A00000000000000000000011 /* Documentation.docc in Sources */ = {isa = PBXBuildFile; fileRef = F00000000000000000000011 /* Documentation.docc */; };
		A00000000000000000000020 /* OpenMeteoAirQualityServiceTests.swift in Sources */ = {isa = PBXBuildFile; fileRef = F00000000000000000000020 /* OpenMeteoAirQualityServiceTests.swift */; };
		A00000000000000000000021 /* AirQualityViewModelTests.swift in Sources */ = {isa = PBXBuildFile; fileRef = F00000000000000000000021 /* AirQualityViewModelTests.swift */; };
		A00000000000000000000022 /* AirQualityVisualizationMapperTests.swift in Sources */ = {isa = PBXBuildFile; fileRef = F00000000000000000000022 /* AirQualityVisualizationMapperTests.swift */; };
/* End PBXBuildFile section */

/* Begin PBXContainerItemProxy section */
		D00000000000000000000001 /* PBXContainerItemProxy */ = {
			isa = PBXContainerItemProxy;
			containerPortal = 900000000000000000000001 /* Project object */;
			proxyType = 1;
			remoteGlobalIDString = 700000000000000000000001;
			remoteInfo = PohangAirAR;
		};
/* End PBXContainerItemProxy section */

/* Begin PBXFileReference section */
		F00000000000000000000001 /* App/PohangAirARApp.swift */ = {isa = PBXFileReference; lastKnownFileType = sourcecode.swift; path = App/PohangAirARApp.swift; sourceTree = "<group>"; };
		F00000000000000000000002 /* Models/AirQualitySnapshot.swift */ = {isa = PBXFileReference; lastKnownFileType = sourcecode.swift; path = Models/AirQualitySnapshot.swift; sourceTree = "<group>"; };
		F00000000000000000000003 /* Models/AirQualityAPIResponse.swift */ = {isa = PBXFileReference; lastKnownFileType = sourcecode.swift; path = Models/AirQualityAPIResponse.swift; sourceTree = "<group>"; };
		F00000000000000000000004 /* Services/AirQualityServiceProtocol.swift */ = {isa = PBXFileReference; lastKnownFileType = sourcecode.swift; path = Services/AirQualityServiceProtocol.swift; sourceTree = "<group>"; };
		F00000000000000000000005 /* Services/OpenMeteoAirQualityService.swift */ = {isa = PBXFileReference; lastKnownFileType = sourcecode.swift; path = Services/OpenMeteoAirQualityService.swift; sourceTree = "<group>"; };
		F00000000000000000000006 /* ViewModels/AirQualityViewModel.swift */ = {isa = PBXFileReference; lastKnownFileType = sourcecode.swift; path = ViewModels/AirQualityViewModel.swift; sourceTree = "<group>"; };
		F00000000000000000000007 /* AR/ARSessionState.swift */ = {isa = PBXFileReference; lastKnownFileType = sourcecode.swift; path = AR/ARSessionState.swift; sourceTree = "<group>"; };
		F00000000000000000000008 /* AR/AirQualityVisualizationMapper.swift */ = {isa = PBXFileReference; lastKnownFileType = sourcecode.swift; path = AR/AirQualityVisualizationMapper.swift; sourceTree = "<group>"; };
		F00000000000000000000009 /* AR/simd_float4x4+Translation.swift */ = {isa = PBXFileReference; lastKnownFileType = sourcecode.swift; path = "AR/simd_float4x4+Translation.swift"; sourceTree = "<group>"; };
		F0000000000000000000000A /* AR/AirQualityEntityFactory.swift */ = {isa = PBXFileReference; lastKnownFileType = sourcecode.swift; path = AR/AirQualityEntityFactory.swift; sourceTree = "<group>"; };
		F0000000000000000000000B /* AR/AirQualityARView.swift */ = {isa = PBXFileReference; lastKnownFileType = sourcecode.swift; path = AR/AirQualityARView.swift; sourceTree = "<group>"; };
		F0000000000000000000000C /* Views/MetricView.swift */ = {isa = PBXFileReference; lastKnownFileType = sourcecode.swift; path = Views/MetricView.swift; sourceTree = "<group>"; };
		F0000000000000000000000D /* Views/AirQualityStatusPanel.swift */ = {isa = PBXFileReference; lastKnownFileType = sourcecode.swift; path = Views/AirQualityStatusPanel.swift; sourceTree = "<group>"; };
		F0000000000000000000000E /* Views/ARControlPanel.swift */ = {isa = PBXFileReference; lastKnownFileType = sourcecode.swift; path = Views/ARControlPanel.swift; sourceTree = "<group>"; };
		F0000000000000000000000F /* Views/ContentView.swift */ = {isa = PBXFileReference; lastKnownFileType = sourcecode.swift; path = Views/ContentView.swift; sourceTree = "<group>"; };
		F00000000000000000000010 /* Resources/Assets.xcassets */ = {isa = PBXFileReference; lastKnownFileType = folder.assetcatalog; path = Resources/Assets.xcassets; sourceTree = "<group>"; };
		F00000000000000000000011 /* Documentation.docc */ = {isa = PBXFileReference; lastKnownFileType = folder.documentationcatalog; path = Documentation.docc; sourceTree = "<group>"; };
		F00000000000000000000012 /* Info.plist */ = {isa = PBXFileReference; lastKnownFileType = text.plist.xml; path = Info.plist; sourceTree = "<group>"; };
		F00000000000000000000020 /* OpenMeteoAirQualityServiceTests.swift */ = {isa = PBXFileReference; lastKnownFileType = sourcecode.swift; path = OpenMeteoAirQualityServiceTests.swift; sourceTree = "<group>"; };
		F00000000000000000000021 /* AirQualityViewModelTests.swift */ = {isa = PBXFileReference; lastKnownFileType = sourcecode.swift; path = AirQualityViewModelTests.swift; sourceTree = "<group>"; };
		F00000000000000000000022 /* AirQualityVisualizationMapperTests.swift */ = {isa = PBXFileReference; lastKnownFileType = sourcecode.swift; path = AirQualityVisualizationMapperTests.swift; sourceTree = "<group>"; };
		F00000000000000000000100 /* PohangAirAR.app */ = {isa = PBXFileReference; explicitFileType = wrapper.application; includeInIndex = 0; path = PohangAirAR.app; sourceTree = BUILT_PRODUCTS_DIR; };
		F00000000000000000000101 /* PohangAirARTests.xctest */ = {isa = PBXFileReference; explicitFileType = wrapper.cfbundle; includeInIndex = 0; path = PohangAirARTests.xctest; sourceTree = BUILT_PRODUCTS_DIR; };
/* End PBXFileReference section */

/* Begin PBXFrameworksBuildPhase section */
		B00000000000000000000001 /* Frameworks */ = {
			isa = PBXFrameworksBuildPhase;
			buildActionMask = 2147483647;
			files = (
			);
			runOnlyForDeploymentPostprocessing = 0;
		};
		B00000000000000000000002 /* Frameworks */ = {
			isa = PBXFrameworksBuildPhase;
			buildActionMask = 2147483647;
			files = (
			);
			runOnlyForDeploymentPostprocessing = 0;
		};
/* End PBXFrameworksBuildPhase section */

/* Begin PBXGroup section */
		600000000000000000000001 = {
			isa = PBXGroup;
			children = (
				600000000000000000000002 /* PohangAirAR */,
				600000000000000000000003 /* PohangAirARTests */,
				600000000000000000000004 /* Products */,
			);
			sourceTree = "<group>";
		};
		600000000000000000000002 /* PohangAirAR */ = {
			isa = PBXGroup;
			children = (
				F00000000000000000000001 /* App/PohangAirARApp.swift */,
				F00000000000000000000002 /* Models/AirQualitySnapshot.swift */,
				F00000000000000000000003 /* Models/AirQualityAPIResponse.swift */,
				F00000000000000000000004 /* Services/AirQualityServiceProtocol.swift */,
				F00000000000000000000005 /* Services/OpenMeteoAirQualityService.swift */,
				F00000000000000000000006 /* ViewModels/AirQualityViewModel.swift */,
				F00000000000000000000007 /* AR/ARSessionState.swift */,
				F00000000000000000000008 /* AR/AirQualityVisualizationMapper.swift */,
				F00000000000000000000009 /* AR/simd_float4x4+Translation.swift */,
				F0000000000000000000000A /* AR/AirQualityEntityFactory.swift */,
				F0000000000000000000000B /* AR/AirQualityARView.swift */,
				F0000000000000000000000C /* Views/MetricView.swift */,
				F0000000000000000000000D /* Views/AirQualityStatusPanel.swift */,
				F0000000000000000000000E /* Views/ARControlPanel.swift */,
				F0000000000000000000000F /* Views/ContentView.swift */,
				F00000000000000000000010 /* Resources/Assets.xcassets */,
				F00000000000000000000011 /* Documentation.docc */,
				F00000000000000000000012 /* Info.plist */,
			);
			path = PohangAirAR;
			sourceTree = "<group>";
		};
		600000000000000000000003 /* PohangAirARTests */ = {
			isa = PBXGroup;
			children = (
				F00000000000000000000020 /* OpenMeteoAirQualityServiceTests.swift */,
				F00000000000000000000021 /* AirQualityViewModelTests.swift */,
				F00000000000000000000022 /* AirQualityVisualizationMapperTests.swift */,
			);
			path = PohangAirARTests;
			sourceTree = "<group>";
		};
		600000000000000000000004 /* Products */ = {
			isa = PBXGroup;
			children = (
				F00000000000000000000100 /* PohangAirAR.app */,
				F00000000000000000000101 /* PohangAirARTests.xctest */,
			);
			name = Products;
			sourceTree = "<group>";
		};
/* End PBXGroup section */

/* Begin PBXNativeTarget section */
		700000000000000000000001 /* PohangAirAR */ = {
			isa = PBXNativeTarget;
			buildConfigurationList = C00000000000000000000002 /* Build configuration list for PBXNativeTarget "PohangAirAR" */;
			buildPhases = (
				500000000000000000000001 /* Sources */,
				B00000000000000000000001 /* Frameworks */,
				400000000000000000000001 /* Resources */,
			);
			buildRules = (
			);
			dependencies = (
			);
			name = PohangAirAR;
			productName = PohangAirAR;
			productReference = F00000000000000000000100 /* PohangAirAR.app */;
			productType = "com.apple.product-type.application";
		};
		700000000000000000000002 /* PohangAirARTests */ = {
			isa = PBXNativeTarget;
			buildConfigurationList = C00000000000000000000003 /* Build configuration list for PBXNativeTarget "PohangAirARTests" */;
			buildPhases = (
				500000000000000000000002 /* Sources */,
				B00000000000000000000002 /* Frameworks */,
				400000000000000000000002 /* Resources */,
			);
			buildRules = (
			);
			dependencies = (
				D00000000000000000000002 /* PBXTargetDependency */,
			);
			name = PohangAirARTests;
			productName = PohangAirARTests;
			productReference = F00000000000000000000101 /* PohangAirARTests.xctest */;
			productType = "com.apple.product-type.bundle.unit-test";
		};
/* End PBXNativeTarget section */

/* Begin PBXProject section */
		900000000000000000000001 /* Project object */ = {
			isa = PBXProject;
			attributes = {
				BuildIndependentTargetsInParallel = 1;
				LastSwiftUpdateCheck = 1600;
				LastUpgradeCheck = 1600;
				TargetAttributes = {
					700000000000000000000001 = {
						CreatedOnToolsVersion = 16.0;
					};
					700000000000000000000002 = {
						CreatedOnToolsVersion = 16.0;
						TestTargetID = 700000000000000000000001;
					};
				};
			};
			buildConfigurationList = C00000000000000000000001 /* Build configuration list for PBXProject "PohangAirAR" */;
			compatibilityVersion = "Xcode 15.0";
			developmentRegion = ko;
			hasScannedForEncodings = 0;
			knownRegions = (
				ko,
				en,
				Base,
			);
			mainGroup = 600000000000000000000001;
			productRefGroup = 600000000000000000000004 /* Products */;
			projectDirPath = "";
			projectRoot = "";
			targets = (
				700000000000000000000001 /* PohangAirAR */,
				700000000000000000000002 /* PohangAirARTests */,
			);
		};
/* End PBXProject section */

/* Begin PBXResourcesBuildPhase section */
		400000000000000000000001 /* Resources */ = {
			isa = PBXResourcesBuildPhase;
			buildActionMask = 2147483647;
			files = (
				A00000000000000000000010 /* Resources/Assets.xcassets in Resources */,
			);
			runOnlyForDeploymentPostprocessing = 0;
		};
		400000000000000000000002 /* Resources */ = {
			isa = PBXResourcesBuildPhase;
			buildActionMask = 2147483647;
			files = (
			);
			runOnlyForDeploymentPostprocessing = 0;
		};
/* End PBXResourcesBuildPhase section */

/* Begin PBXSourcesBuildPhase section */
		500000000000000000000001 /* Sources */ = {
			isa = PBXSourcesBuildPhase;
			buildActionMask = 2147483647;
			files = (
				A00000000000000000000001 /* App/PohangAirARApp.swift in Sources */,
				A00000000000000000000002 /* Models/AirQualitySnapshot.swift in Sources */,
				A00000000000000000000003 /* Models/AirQualityAPIResponse.swift in Sources */,
				A00000000000000000000004 /* Services/AirQualityServiceProtocol.swift in Sources */,
				A00000000000000000000005 /* Services/OpenMeteoAirQualityService.swift in Sources */,
				A00000000000000000000006 /* ViewModels/AirQualityViewModel.swift in Sources */,
				A00000000000000000000007 /* AR/ARSessionState.swift in Sources */,
				A00000000000000000000008 /* AR/AirQualityVisualizationMapper.swift in Sources */,
				A00000000000000000000009 /* AR/simd_float4x4+Translation.swift in Sources */,
				A0000000000000000000000A /* AR/AirQualityEntityFactory.swift in Sources */,
				A0000000000000000000000B /* AR/AirQualityARView.swift in Sources */,
				A0000000000000000000000C /* Views/MetricView.swift in Sources */,
				A0000000000000000000000D /* Views/AirQualityStatusPanel.swift in Sources */,
				A0000000000000000000000E /* Views/ARControlPanel.swift in Sources */,
				A0000000000000000000000F /* Views/ContentView.swift in Sources */,
				A00000000000000000000011 /* Documentation.docc in Sources */,
			);
			runOnlyForDeploymentPostprocessing = 0;
		};
		500000000000000000000002 /* Sources */ = {
			isa = PBXSourcesBuildPhase;
			buildActionMask = 2147483647;
			files = (
				A00000000000000000000020 /* OpenMeteoAirQualityServiceTests.swift in Sources */,
				A00000000000000000000021 /* AirQualityViewModelTests.swift in Sources */,
				A00000000000000000000022 /* AirQualityVisualizationMapperTests.swift in Sources */,
			);
			runOnlyForDeploymentPostprocessing = 0;
		};
/* End PBXSourcesBuildPhase section */

/* Begin PBXTargetDependency section */
		D00000000000000000000002 /* PBXTargetDependency */ = {
			isa = PBXTargetDependency;
			target = 700000000000000000000001 /* PohangAirAR */;
			targetProxy = D00000000000000000000001 /* PBXContainerItemProxy */;
		};
/* End PBXTargetDependency section */

/* Begin XCBuildConfiguration section */
		C10000000000000000000001 /* Debug */ = {
			isa = XCBuildConfiguration;
			buildSettings = {
				ALWAYS_SEARCH_USER_PATHS = NO;
				CLANG_ENABLE_MODULES = YES;
				CLANG_ENABLE_OBJC_ARC = YES;
				COPY_PHASE_STRIP = NO;
				DEBUG_INFORMATION_FORMAT = dwarf;
				ENABLE_TESTABILITY = YES;
				GCC_C_LANGUAGE_STANDARD = gnu17;
				GCC_OPTIMIZATION_LEVEL = 0;
				IPHONEOS_DEPLOYMENT_TARGET = 17.0;
				MTL_ENABLE_DEBUG_INFO = INCLUDE_SOURCE;
				ONLY_ACTIVE_ARCH = YES;
				SDKROOT = iphoneos;
				SWIFT_ACTIVE_COMPILATION_CONDITIONS = "DEBUG $(inherited)";
				SWIFT_OPTIMIZATION_LEVEL = "-Onone";
			};
			name = Debug;
		};
		C10000000000000000000002 /* Release */ = {
			isa = XCBuildConfiguration;
			buildSettings = {
				ALWAYS_SEARCH_USER_PATHS = NO;
				CLANG_ENABLE_MODULES = YES;
				CLANG_ENABLE_OBJC_ARC = YES;
				COPY_PHASE_STRIP = NO;
				DEBUG_INFORMATION_FORMAT = "dwarf-with-dsym";
				ENABLE_NS_ASSERTIONS = NO;
				GCC_C_LANGUAGE_STANDARD = gnu17;
				IPHONEOS_DEPLOYMENT_TARGET = 17.0;
				MTL_ENABLE_DEBUG_INFO = NO;
				SDKROOT = iphoneos;
				SWIFT_COMPILATION_MODE = wholemodule;
				SWIFT_OPTIMIZATION_LEVEL = "-O";
				VALIDATE_PRODUCT = YES;
			};
			name = Release;
		};
		C10000000000000000000003 /* Debug */ = {
			isa = XCBuildConfiguration;
			buildSettings = {
				ASSETCATALOG_COMPILER_APPICON_NAME = AppIcon;
				ASSETCATALOG_COMPILER_GLOBAL_ACCENT_COLOR_NAME = AccentColor;
				CODE_SIGN_STYLE = Automatic;
				CURRENT_PROJECT_VERSION = 1;
				DEVELOPMENT_TEAM = QF62GD89Z2;
				GENERATE_INFOPLIST_FILE = NO;
				INFOPLIST_FILE = PohangAirAR/Info.plist;
				MARKETING_VERSION = 1.0;
				PRODUCT_BUNDLE_IDENTIFIER = com.example.PohangAirAR;
				PRODUCT_NAME = "$(TARGET_NAME)";
				SUPPORTED_PLATFORMS = "iphoneos iphonesimulator";
				SUPPORTS_MACCATALYST = NO;
				SWIFT_EMIT_LOC_STRINGS = YES;
				SWIFT_VERSION = 5.0;
				TARGETED_DEVICE_FAMILY = "1,2";
			};
			name = Debug;
		};
		C10000000000000000000004 /* Release */ = {
			isa = XCBuildConfiguration;
			buildSettings = {
				ASSETCATALOG_COMPILER_APPICON_NAME = AppIcon;
				ASSETCATALOG_COMPILER_GLOBAL_ACCENT_COLOR_NAME = AccentColor;
				CODE_SIGN_STYLE = Automatic;
				CURRENT_PROJECT_VERSION = 1;
				DEVELOPMENT_TEAM = QF62GD89Z2;
				GENERATE_INFOPLIST_FILE = NO;
				INFOPLIST_FILE = PohangAirAR/Info.plist;
				MARKETING_VERSION = 1.0;
				PRODUCT_BUNDLE_IDENTIFIER = com.example.PohangAirAR;
				PRODUCT_NAME = "$(TARGET_NAME)";
				SUPPORTED_PLATFORMS = "iphoneos iphonesimulator";
				SUPPORTS_MACCATALYST = NO;
				SWIFT_EMIT_LOC_STRINGS = YES;
				SWIFT_VERSION = 5.0;
				TARGETED_DEVICE_FAMILY = "1,2";
			};
			name = Release;
		};
		C10000000000000000000005 /* Debug */ = {
			isa = XCBuildConfiguration;
			buildSettings = {
				BUNDLE_LOADER = "$(TEST_HOST)";
				CODE_SIGN_STYLE = Automatic;
				GENERATE_INFOPLIST_FILE = YES;
				IPHONEOS_DEPLOYMENT_TARGET = 17.0;
				PRODUCT_BUNDLE_IDENTIFIER = com.example.PohangAirARTests;
				PRODUCT_NAME = "$(TARGET_NAME)";
				SWIFT_VERSION = 5.0;
				TARGETED_DEVICE_FAMILY = "1,2";
				TEST_HOST = "$(BUILT_PRODUCTS_DIR)/PohangAirAR.app/$(BUNDLE_EXECUTABLE_FOLDER_PATH)/PohangAirAR";
			};
			name = Debug;
		};
		C10000000000000000000006 /* Release */ = {
			isa = XCBuildConfiguration;
			buildSettings = {
				BUNDLE_LOADER = "$(TEST_HOST)";
				CODE_SIGN_STYLE = Automatic;
				GENERATE_INFOPLIST_FILE = YES;
				IPHONEOS_DEPLOYMENT_TARGET = 17.0;
				PRODUCT_BUNDLE_IDENTIFIER = com.example.PohangAirARTests;
				PRODUCT_NAME = "$(TARGET_NAME)";
				SWIFT_VERSION = 5.0;
				TARGETED_DEVICE_FAMILY = "1,2";
				TEST_HOST = "$(BUILT_PRODUCTS_DIR)/PohangAirAR.app/$(BUNDLE_EXECUTABLE_FOLDER_PATH)/PohangAirAR";
			};
			name = Release;
		};
/* End XCBuildConfiguration section */

/* Begin XCConfigurationList section */
		C00000000000000000000001 /* Build configuration list for PBXProject "PohangAirAR" */ = {
			isa = XCConfigurationList;
			buildConfigurations = (
				C10000000000000000000001 /* Debug */,
				C10000000000000000000002 /* Release */,
			);
			defaultConfigurationIsVisible = 0;
			defaultConfigurationName = Release;
		};
		C00000000000000000000002 /* Build configuration list for PBXNativeTarget "PohangAirAR" */ = {
			isa = XCConfigurationList;
			buildConfigurations = (
				C10000000000000000000003 /* Debug */,
				C10000000000000000000004 /* Release */,
			);
			defaultConfigurationIsVisible = 0;
			defaultConfigurationName = Release;
		};
		C00000000000000000000003 /* Build configuration list for PBXNativeTarget "PohangAirARTests" */ = {
			isa = XCConfigurationList;
			buildConfigurations = (
				C10000000000000000000005 /* Debug */,
				C10000000000000000000006 /* Release */,
			);
			defaultConfigurationIsVisible = 0;
			defaultConfigurationName = Release;
		};
/* End XCConfigurationList section */
	};
	rootObject = 900000000000000000000001 /* Project object */;
}
